
Microsoft Visual Studio Solution File, Format Version 12.00
# Visual Studio Version 17
VisualStudioVersion = 17.14.36623.8
MinimumVisualStudioVersion = 10.0.40219.1
Project("{FAE04EC0-301F-11D3-BF4B-00C04F79EFBC}") = "RoyalBakeryCashier", "RoyalBakeryCashier\RoyalBakeryCashier.csproj", "{4A03D0E1-347E-477B-B807-72F85B6731F9}"
EndProject
Project("{FAE04EC0-301F-11D3-BF4B-00C04F79EFBC}") = "RoyalBakeryCashier.Data", "RoyalBakeryCashier.Data\RoyalBakeryCashier.Data.csproj", "{01BDDC40-A091-433C-9AF0-9D7ED5C431D5}"
EndProject
Project("{FAE04EC0-301F-11D3-BF4B-00C04F79EFBC}") = "RoyalBakeryAPI", "RoyalBakeryAPI\RoyalBakeryAPI.csproj", "{B2A1F3C4-5D6E-7890-ABCD-EF1234567890}"
EndProject
Project("{FAE04EC0-301F-11D3-BF4B-00C04F79EFBC}") = "RoyalBakeryCashierTerminal", "RoyalBakeryCashier\RoyalBakeryCashierTerminal.csproj", "{C1A2B3C4-D5E6-F789-0123-456789ABCDE1}"
EndProject
Project("{FAE04EC0-301F-11D3-BF4B-00C04F79EFBC}") = "RoyalBakerySalesmanTerminal", "RoyalBakeryCashier\RoyalBakerySalesmanTerminal.csproj", "{C1A2B3C4-D5E6-F789-0123-456789ABCDE2}"
EndProject
Project("{FAE04EC0-301F-11D3-BF4B-00C04F79EFBC}") = "RoyalBakeryAdmin", "RoyalBakeryAdmin\RoyalBakeryAdmin.csproj", "{A1B2C3D4-E5F6-7890-ABCD-ADMIN0000001}"
EndProject
Global
	GlobalSection(SolutionConfigurationPlatforms) = preSolution
		Debug|Any CPU = Debug|Any CPU
		Debug|x64 = Debug|x64
		Debug|x86 = Debug|x86
		Release|Any CPU = Release|Any CPU
		Release|x64 = Release|x64
		Release|x86 = Release|x86
	EndGlobalSection
	GlobalSection(ProjectConfigurationPlatforms) = postSolution
		{4A03D0E1-347E-477B-B807-72F85B6731F9}.Debug|Any CPU.ActiveCfg = Debug|Any CPU
		{4A03D0E1-347E-477B-B807-72F85B6731F9}.Debug|Any CPU.Build.0 = Debug|Any CPU
		{4A03D0E1-347E-477B-B807-72F85B6731F9}.Debug|x64.ActiveCfg = Debug|Any CPU
		{4A03D0E1-347E-477B-B807-72F85B6731F9}.Debug|x64.Build.0 = Debug|Any CPU
		{4A03D0E1-347E-477B-B807-72F85B6731F9}.Debug|x86.ActiveCfg = Debug|Any CPU
		{4A03D0E1-347E-477B-B807-72F85B6731F9}.Debug|x86.Build.0 = Debug|Any CPU
		{4A03D0E1-347E-477B-B807-72F85B6731F9}.Release|Any CPU.ActiveCfg = Release|Any CPU
		{4A03D0E1-347E-477B-B807-72F85B6731F9}.Release|Any CPU.Build.0 = Release|Any CPU
		{4A03D0E1-347E-477B-B807-72F85B6731F9}.Release|x64.ActiveCfg = Release|Any CPU
		{4A03D0E1-347E-477B-B807-72F85B6731F9}.Release|x64.Build.0 = Release|Any CPU
		{4A03D0E1-347E-477B-B807-72F85B6731F9}.Release|x86.ActiveCfg = Release|Any CPU
		{4A03D0E1-347E-477B-B807-72F85B6731F9}.Release|x86.Build.0 = Release|Any CPU
		{01BDDC40-A091-433C-9AF0-9D7ED5C431D5}.Debug|Any CPU.ActiveCfg = Debug|Any CPU
		{01BDDC40-A091-433C-9AF0-9D7ED5C431D5}.Debug|Any CPU.Build.0 = Debug|Any CPU
		{01BDDC40-A091-433C-9AF0-9D7ED5C431D5}.Debug|x64.ActiveCfg = Debug|Any CPU
		{01BDDC40-A091-433C-9AF0-9D7ED5C431D5}.Debug|x64.Build.0 = Debug|Any CPU
		{01BDDC40-A091-433C-9AF0-9D7ED5C431D5}.Debug|x86.ActiveCfg = Debug|Any CPU
		{01BDDC40-A091-433C-9AF0-9D7ED5C431D5}.Debug|x86.Build.0 = Debug|Any CPU
		{01BDDC40-A091-433C-9AF0-9D7ED5C431D5}.Release|Any CPU.ActiveCfg = Release|Any CPU
		{01BDDC40-A091-433C-9AF0-9D7ED5C431D5}.Release|Any CPU.Build.0 = Release|Any CPU
		{01BDDC40-A091-433C-9AF0-9D7ED5C431D5}.Release|x64.ActiveCfg = Release|Any CPU
		{01BDDC40-A091-433C-9AF0-9D7ED5C431D5}.Release|x64.Build.0 = Release|Any CPU
		{01BDDC40-A091-433C-9AF0-9D7ED5C431D5}.Release|x86.ActiveCfg = Release|Any CPU
		{01BDDC40-A091-433C-9AF0-9D7ED5C431D5}.Release|x86.Build.0 = Release|Any CPU
		{B2A1F3C4-5D6E-7890-ABCD-EF1234567890}.Debug|Any CPU.ActiveCfg = Debug|Any CPU
		{B2A1F3C4-5D6E-7890-ABCD-EF1234567890}.Debug|Any CPU.Build.0 = Debug|Any CPU
		{B2A1F3C4-5D6E-7890-ABCD-EF1234567890}.Debug|x64.ActiveCfg = Debug|Any CPU
		{B2A1F3C4-5D6E-7890-ABCD-EF1234567890}.Debug|x64.Build.0 = Debug|Any CPU
		{B2A1F3C4-5D6E-7890-ABCD-EF1234567890}.Debug|x86.ActiveCfg = Debug|Any CPU
		{B2A1F3C4-5D6E-7890-ABCD-EF1234567890}.Debug|x86.Build.0 = Debug|Any CPU
		{B2A1F3C4-5D6E-7890-ABCD-EF1234567890}.Release|Any CPU.ActiveCfg = Release|Any CPU
		{B2A1F3C4-5D6E-7890-ABCD-EF1234567890}.Release|Any CPU.Build.0 = Release|Any CPU
		{B2A1F3C4-5D6E-7890-ABCD-EF1234567890}.Release|x64.ActiveCfg = Release|Any CPU
		{B2A1F3C4-5D6E-7890-ABCD-EF1234567890}.Release|x64.Build.0 = Release|Any CPU
		{B2A1F3C4-5D6E-7890-ABCD-EF1234567890}.Release|x86.ActiveCfg = Release|Any CPU
		{B2A1F3C4-5D6E-7890-ABCD-EF1234567890}.Release|x86.Build.0 = Release|Any CPU
		{C1A2B3C4-D5E6-F789-0123-456789ABCDE1}.Debug|Any CPU.ActiveCfg = Debug|Any CPU
		{C1A2B3C4-D5E6-F789-0123-456789ABCDE1}.Debug|Any CPU.Build.0 = Debug|Any CPU
		{C1A2B3C4-D5E6-F789-0123-456789ABCDE1}.Debug|x64.ActiveCfg = Debug|Any CPU
		{C1A2B3C4-D5E6-F789-0123-456789ABCDE1}.Debug|x64.Build.0 = Debug|Any CPU
		{C1A2B3C4-D5E6-F789-0123-456789ABCDE1}.Debug|x86.ActiveCfg = Debug|Any CPU
		{C1A2B3C4-D5E6-F789-0123-456789ABCDE1}.Debug|x86.Build.0 = Debug|Any CPU
		{C1A2B3C4-D5E6-F789-0123-456789ABCDE1}.Release|Any CPU.ActiveCfg = Release|Any CPU
		{C1A2B3C4-D5E6-F789-0123-456789ABCDE1}.Release|Any CPU.Build.0 = Release|Any CPU
		{C1A2B3C4-D5E6-F789-0123-456789ABCDE1}.Release|x64.ActiveCfg = Release|Any CPU
		{C1A2B3C4-D5E6-F789-0123-456789ABCDE1}.Release|x64.Build.0 = Release|Any CPU
		{C1A2B3C4-D5E6-F789-0123-456789ABCDE1}.Release|x86.ActiveCfg = Release|Any CPU
		{C1A2B3C4-D5E6-F789-0123-456789ABCDE1}.Release|x86.Build.0 = Release|Any CPU
		{C1A2B3C4-D5E6-F789-0123-456789ABCDE2}.Debug|Any CPU.ActiveCfg = Debug|Any CPU
		{C1A2B3C4-D5E6-F789-0123-456789ABCDE2}.Debug|Any CPU.Build.0 = Debug|Any CPU
		{C1A2B3C4-D5E6-F789-0123-456789ABCDE2}.Debug|x64.ActiveCfg = Debug|Any CPU
		{C1A2B3C4-D5E6-F789-0123-456789ABCDE2}.Debug|x64.Build.0 = Debug|Any CPU
		{C1A2B3C4-D5E6-F789-0123-456789ABCDE2}.Debug|x86.ActiveCfg = Debug|Any CPU
		{C1A2B3C4-D5E6-F789-0123-456789ABCDE2}.Debug|x86.Build.0 = Debug|Any CPU
		{C1A2B3C4-D5E6-F789-0123-456789ABCDE2}.Release|Any CPU.ActiveCfg = Release|Any CPU
		{C1A2B3C4-D5E6-F789-0123-456789ABCDE2}.Release|Any CPU.Build.0 = Release|Any CPU
		{C1A2B3C4-D5E6-F789-0123-456789ABCDE2}.Release|x64.ActiveCfg = Release|Any CPU
		{C1A2B3C4-D5E6-F789-0123-456789ABCDE2}.Release|x64.Build.0 = Release|Any CPU
		{C1A2B3C4-D5E6-F789-0123-456789ABCDE2}.Release|x86.ActiveCfg = Release|Any CPU
		{C1A2B3C4-D5E6-F789-0123-456789ABCDE2}.Release|x86.Build.0 = Release|Any CPU
		{A1B2C3D4-E5F6-7890-ABCD-ADMIN0000001}.Debug|Any CPU.ActiveCfg = Debug|Any CPU
		{A1B2C3D4-E5F6-7890-ABCD-ADMIN0000001}.Debug|Any CPU.Build.0 = Debug|Any CPU
		{A1B2C3D4-E5F6-7890-ABCD-ADMIN0000001}.Debug|x64.ActiveCfg = Debug|Any CPU
		{A1B2C3D4-E5F6-7890-ABCD-ADMIN0000001}.Debug|x64.Build.0 = Debug|Any CPU
		{A1B2C3D4-E5F6-7890-ABCD-ADMIN0000001}.Debug|x86.ActiveCfg = Debug|Any CPU
		{A1B2C3C4-D5E6-F789-0123-456789ABCDE2}.Debug|x86.Build.0 = Debug|Any CPU
		{A1B2C3D4-E5F6-7890-ABCD-ADMIN0000001}.Release|Any CPU.ActiveCfg = Release|Any CPU
		{A1B2C3D4-E5F6-7890-ABCD-ADMIN0000001}.Release|Any CPU.Build.0 = Release|Any CPU
		{A1B2C3D4-E5F6-7890-ABCD-ADMIN0000001}.Release|x64.ActiveCfg = Release|Any CPU
		{A1B2C3D4-E5F6-7890-ABCD-ADMIN0000001}.Release|x64.Build.0 = Release|Any CPU
		{A1B2C3D4-E5F6-7890-ABCD-ADMIN0000001}.Release|x86.ActiveCfg = Release|Any CPU
		{A1B2C3D4-E5F6-7890-ABCD-ADMIN0000001}.Release|x86.Build.0 = Release|Any CPU
	EndGlobalSection
	GlobalSection(SolutionProperties) = preSolution
		HideSolutionNode = FALSE
	EndGlobalSection
	GlobalSection(ExtensibilityGlobals) = postSolution
		SolutionGuid = {0D25AD8B-AD68-449F-BAB0-62AB8B54F5D3}
	EndGlobalSection
EndGlobal
